# This file is automatically @generated by Cargo.
# It is not intended for manual editing.
version = 3

[[package]]
name = "adler"
version = "1.0.2"
source = "registry+https://github.com/rust-lang/crates.io-index"
checksum = "f26201604c87b1e01bd3d98f8d5d9a8fcbb815e8cedb41ffccbeb4bf593a35fe"

[[package]]
name = "ahash"
version = "0.8.6"
source = "registry+https://github.com/rust-lang/crates.io-index"
checksum = "91429305e9f0a25f6205c5b8e0d2db09e0708a7a6df0f42212bb56c32c8ac97a"
dependencies = [
 "cfg-if",
 "getrandom",
 "once_cell",
 "version_check",
 "zerocopy",
]

[[package]]
name = "aho-corasick"
version = "1.1.2"
source = "registry+https://github.com/rust-lang/crates.io-index"
checksum = "b2969dcb958b36655471fc61f7e416fa76033bdd4bfed0678d8fee1e2d07a1f0"
dependencies = [
 "memchr",
]

[[package]]
name = "arc-swap"
version = "1.6.0"
source = "registry+https://github.com/rust-lang/crates.io-index"
checksum = "bddcadddf5e9015d310179a59bb28c4d4b9920ad0f11e8e14dbadf654890c9a6"

[[package]]
name = "arrayvec"
version = "0.7.4"
source = "registry+https://github.com/rust-lang/crates.io-index"
checksum = "96d30a06541fbafbc7f82ed10c06164cfbd2c401138f6addd8404629c4b16711"

[[package]]
name = "autocfg"
version = "1.1.0"
source = "registry+https://github.com/rust-lang/crates.io-index"
checksum = "d468802bab17cbc0cc575e9b053f41e72aa36bfa6b7f55e3529ffa43161b97fa"

[[package]]
name = "bitflags"
version = "1.3.2"
source = "registry+https://github.com/rust-lang/crates.io-index"
checksum = "bef38d45163c2f1dde094a7dfd33ccf595c92905c8f8f4fdc18d06fb1037718a"

[[package]]
name = "bitflags"
version = "2.4.1"
source = "registry+https://github.com/rust-lang/crates.io-index"
checksum = "327762f6e5a765692301e5bb513e0d9fef63be86bbc14528052b1cd3e6f03e07"

[[package]]
name = "bstr"
version = "1.8.0"
source = "registry+https://github.com/rust-lang/crates.io-index"
checksum = "542f33a8835a0884b006a0c3df3dadd99c0c3f296ed26c2fdc8028e01ad6230c"
dependencies = [
 "memchr",
 "regex-automata",
 "serde",
]

[[package]]
name = "btoi"
version = "0.4.3"
source = "registry+https://github.com/rust-lang/crates.io-index"
checksum = "9dd6407f73a9b8b6162d8a2ef999fe6afd7cc15902ebf42c5cd296addf17e0ad"
dependencies = [
 "num-traits",
]

[[package]]
name = "bytes"
version = "1.5.0"
source = "registry+https://github.com/rust-lang/crates.io-index"
checksum = "a2bd12c1caf447e69cd4528f47f94d203fd2582878ecb9e9465484c4148a8223"

[[package]]
name = "bytesize"
version = "1.3.0"
source = "registry+https://github.com/rust-lang/crates.io-index"
checksum = "a3e368af43e418a04d52505cf3dbc23dda4e3407ae2fa99fd0e4f308ce546acc"

[[package]]
name = "cfg-if"
version = "1.0.0"
source = "registry+https://github.com/rust-lang/crates.io-index"
checksum = "baf1de4339761588bc0619e3cbc0120ee582ebb74b53b4efbf79117bd2da40fd"

[[package]]
name = "clru"
version = "0.6.1"
source = "registry+https://github.com/rust-lang/crates.io-index"
checksum = "b8191fa7302e03607ff0e237d4246cc043ff5b3cb9409d995172ba3bea16b807"

[[package]]
name = "crc32fast"
version = "1.3.2"
source = "registry+https://github.com/rust-lang/crates.io-index"
checksum = "b540bd8bc810d3885c6ea91e2018302f68baba2129ab3e88f32389ee9370880d"
dependencies = [
 "cfg-if",
]

[[package]]
name = "crossbeam"
version = "0.8.2"
source = "registry+https://github.com/rust-lang/crates.io-index"
checksum = "2801af0d36612ae591caa9568261fddce32ce6e08a7275ea334a06a4ad021a2c"
dependencies = [
 "cfg-if",
 "crossbeam-channel",
 "crossbeam-deque",
 "crossbeam-epoch",
 "crossbeam-queue",
 "crossbeam-utils",
]

[[package]]
name = "crossbeam-channel"
version = "0.5.8"
source = "registry+https://github.com/rust-lang/crates.io-index"
checksum = "a33c2bf77f2df06183c3aa30d1e96c0695a313d4f9c453cc3762a6db39f99200"
dependencies = [
 "cfg-if",
 "crossbeam-utils",
]

[[package]]
name = "crossbeam-deque"
version = "0.8.3"
source = "registry+https://github.com/rust-lang/crates.io-index"
checksum = "ce6fd6f855243022dcecf8702fef0c297d4338e226845fe067f6341ad9fa0cef"
dependencies = [
 "cfg-if",
 "crossbeam-epoch",
 "crossbeam-utils",
]

[[package]]
name = "crossbeam-epoch"
version = "0.9.15"
source = "registry+https://github.com/rust-lang/crates.io-index"
checksum = "ae211234986c545741a7dc064309f67ee1e5ad243d0e48335adc0484d960bcc7"
dependencies = [
 "autocfg",
 "cfg-if",
 "crossbeam-utils",
 "memoffset",
 "scopeguard",
]

[[package]]
name = "crossbeam-queue"
version = "0.3.8"
source = "registry+https://github.com/rust-lang/crates.io-index"
checksum = "d1cfb3ea8a53f37c40dea2c7bedcbd88bdfae54f5e2175d6ecaff1c988353add"
dependencies = [
 "cfg-if",
 "crossbeam-utils",
]

[[package]]
name = "crossbeam-utils"
version = "0.8.16"
source = "registry+https://github.com/rust-lang/crates.io-index"
checksum = "5a22b2d63d4d1dc0b7f1b6b2747dd0088008a9be28b6ddf0b1e7d335e3037294"
dependencies = [
 "cfg-if",
]

[[package]]
name = "dashmap"
version = "5.5.3"
source = "registry+https://github.com/rust-lang/crates.io-index"
checksum = "978747c1d849a7d2ee5e8adc0159961c48fb7e5db2f06af6723b80123bb53856"
dependencies = [
 "cfg-if",
 "hashbrown 0.14.3",
 "lock_api",
 "once_cell",
 "parking_lot_core",
]

[[package]]
name = "deranged"
version = "0.3.10"
source = "registry+https://github.com/rust-lang/crates.io-index"
checksum = "8eb30d70a07a3b04884d2677f06bec33509dc67ca60d92949e5535352d3191dc"
dependencies = [
 "powerfmt",
]

[[package]]
name = "dunce"
version = "1.0.4"
source = "registry+https://github.com/rust-lang/crates.io-index"
checksum = "56ce8c6da7551ec6c462cbaf3bfbc75131ebbfa1c944aeaa9dab51ca1c5f0c3b"

[[package]]
name = "either"
version = "1.9.0"
source = "registry+https://github.com/rust-lang/crates.io-index"
checksum = "a26ae43d7bcc3b814de94796a5e736d4029efb0ee900c12e2d54c993ad1a1e07"

[[package]]
name = "encoding_rs"
version = "0.8.33"
source = "registry+https://github.com/rust-lang/crates.io-index"
checksum = "7268b386296a025e474d5140678f75d6de9493ae55a5d709eeb9dd08149945e1"
dependencies = [
 "cfg-if",
]

[[package]]
name = "errno"
version = "0.3.8"
source = "registry+https://github.com/rust-lang/crates.io-index"
checksum = "a258e46cdc063eb8519c00b9fc845fc47bcfca4130e2f08e88665ceda8474245"
dependencies = [
 "libc",
 "windows-sys 0.52.0",
]

[[package]]
name = "faster-hex"
version = "0.8.1"
source = "registry+https://github.com/rust-lang/crates.io-index"
checksum = "239f7bfb930f820ab16a9cd95afc26f88264cf6905c960b340a615384aa3338a"
dependencies = [
 "serde",
]

[[package]]
name = "fastrand"
version = "2.0.1"
source = "registry+https://github.com/rust-lang/crates.io-index"
checksum = "25cbce373ec4653f1a01a31e8a5e5ec0c622dc27ff9c4e6606eefef5cbbed4a5"

[[package]]
name = "filetime"
version = "0.2.23"
source = "registry+https://github.com/rust-lang/crates.io-index"
checksum = "1ee447700ac8aa0b2f2bd7bc4462ad686ba06baa6727ac149a2d6277f0d240fd"
dependencies = [
 "cfg-if",
 "libc",
 "redox_syscall",
 "windows-sys 0.52.0",
]

[[package]]
name = "flate2"
version = "1.0.28"
source = "registry+https://github.com/rust-lang/crates.io-index"
checksum = "46303f565772937ffe1d394a4fac6f411c6013172fadde9dcdb1e147a086940e"
dependencies = [
 "crc32fast",
 "miniz_oxide",
]

[[package]]
name = "form_urlencoded"
version = "1.1.0"
source = "registry+https://github.com/rust-lang/crates.io-index"
checksum = "a9c384f161156f5260c24a097c56119f9be8c798586aecc13afbcbe7b7e26bf8"
dependencies = [
 "percent-encoding",
]

[[package]]
name = "getrandom"
version = "0.2.11"
source = "registry+https://github.com/rust-lang/crates.io-index"
checksum = "fe9006bed769170c11f845cf00c7c1e9092aeb3f268e007c3e760ac68008070f"
dependencies = [
 "cfg-if",
 "libc",
 "wasi",
]

[[package]]
name = "gix"
version = "0.56.0"
source = "registry+https://github.com/rust-lang/crates.io-index"
checksum = "5b0dcdc9c60d66535897fa40a7ea2a635e72f99456b1d9ae86b7e170e80618cb"
dependencies = [
 "gix-actor",
 "gix-archive",
 "gix-attributes",
 "gix-command",
 "gix-commitgraph",
 "gix-config",
 "gix-credentials",
 "gix-date",
 "gix-diff",
 "gix-discover",
 "gix-features",
 "gix-filter",
 "gix-fs",
 "gix-glob",
 "gix-hash",
 "gix-hashtable",
 "gix-ignore",
 "gix-index",
 "gix-lock",
 "gix-macros",
 "gix-mailmap",
 "gix-negotiate",
 "gix-object",
 "gix-odb",
 "gix-pack",
 "gix-path",
 "gix-pathspec",
 "gix-prompt",
 "gix-ref",
 "gix-refspec",
 "gix-revision",
 "gix-revwalk",
 "gix-sec",
 "gix-status",
 "gix-submodule",
 "gix-tempfile",
 "gix-trace",
 "gix-traverse",
 "gix-url",
 "gix-utils",
 "gix-validate",
 "gix-worktree",
 "gix-worktree-state",
 "gix-worktree-stream",
 "once_cell",
 "parking_lot",
 "regex",
 "signal-hook",
 "smallvec",
 "thiserror",
 "unicode-normalization",
]

[[package]]
name = "gix-actor"
version = "0.28.1"
source = "registry+https://github.com/rust-lang/crates.io-index"
checksum = "2eadca029ef716b4378f7afb19f7ee101fde9e58ba1f1445971315ac866db417"
dependencies = [
 "bstr",
 "btoi",
 "gix-date",
 "itoa",
 "thiserror",
 "winnow",
]

[[package]]
name = "gix-archive"
version = "0.7.0"
source = "registry+https://github.com/rust-lang/crates.io-index"
checksum = "c9d1095b8cbc9369f1cd59dc73f7e37fab2252294265705da8bc80e42a2ecc38"
dependencies = [
 "bstr",
 "gix-date",
 "gix-object",
 "gix-worktree-stream",
 "thiserror",
]

[[package]]
name = "gix-attributes"
version = "0.20.1"
source = "registry+https://github.com/rust-lang/crates.io-index"
checksum = "0f395469d38c76ec47cd1a6c5a53fbc3f13f737b96eaf7535f4e6b367e643381"
dependencies = [
 "bstr",
 "gix-glob",
 "gix-path",
 "gix-quote",
 "gix-trace",
 "kstring",
 "smallvec",
 "thiserror",
 "unicode-bom",
]

[[package]]
name = "gix-bitmap"
version = "0.2.8"
source = "registry+https://github.com/rust-lang/crates.io-index"
checksum = "d49e1a13a30d3f88be4bceae184dd13a2d3fb9ffa7515f7ed7ae771b857f4916"
dependencies = [
 "thiserror",
]

[[package]]
name = "gix-chunk"
version = "0.4.5"
source = "registry+https://github.com/rust-lang/crates.io-index"
checksum = "d411ecd9b558b0c20b3252b7e409eec48eabc41d18324954fe526bac6e2db55f"
dependencies = [
 "thiserror",
]

[[package]]
name = "gix-command"
version = "0.3.0"
source = "registry+https://github.com/rust-lang/crates.io-index"
checksum = "b3b54c1d8d63e6ef2adbd9b94d6e49ff168858510b44d3811cdd02dfacc4f0c9"
dependencies = [
 "bstr",
 "gix-path",
 "gix-trace",
 "shell-words",
]

[[package]]
name = "gix-commitgraph"
version = "0.22.1"
source = "registry+https://github.com/rust-lang/crates.io-index"
checksum = "85a7007ba021f059803afaf6f8a48872422abc20550ac12ede6ddea2936cec36"
dependencies = [
 "bstr",
 "gix-chunk",
 "gix-features",
 "gix-hash",
 "memmap2",
 "thiserror",
]

[[package]]
name = "gix-config"
version = "0.32.1"
source = "registry+https://github.com/rust-lang/crates.io-index"
checksum = "0341471d55d8676e98b88e121d7065dfa4c9c5acea4b6d6ecdd2846e85cce0c3"
dependencies = [
 "bstr",
 "gix-config-value",
 "gix-features",
 "gix-glob",
 "gix-path",
 "gix-ref",
 "gix-sec",
 "memchr",
 "once_cell",
 "smallvec",
 "thiserror",
 "unicode-bom",
 "winnow",
]

[[package]]
name = "gix-config-value"
version = "0.14.1"
source = "registry+https://github.com/rust-lang/crates.io-index"
checksum = "6419db582ea84dfb58c7e7b0af7fd62c808aa14954af2936a33f89b0f4ed018e"
dependencies = [
 "bitflags 2.4.1",
 "bstr",
 "gix-path",
 "libc",
 "thiserror",
]

[[package]]
name = "gix-credentials"
version = "0.22.0"
source = "registry+https://github.com/rust-lang/crates.io-index"
checksum = "513dac42450b27946bd0a0535a3a5a88e473d6522e5e3439a129cab779c88f3d"
dependencies = [
 "bstr",
 "gix-command",
 "gix-config-value",
 "gix-path",
 "gix-prompt",
 "gix-sec",
 "gix-trace",
 "gix-url",
 "thiserror",
]

[[package]]
name = "gix-date"
version = "0.8.1"
source = "registry+https://github.com/rust-lang/crates.io-index"
checksum = "468dfbe411f335f01525a1352271727f8e7772075a93fa747260f502086b30be"
dependencies = [
 "bstr",
 "itoa",
 "thiserror",
 "time",
]

[[package]]
name = "gix-diff"
version = "0.38.0"
source = "registry+https://github.com/rust-lang/crates.io-index"
checksum = "8119a985887cfe68f4bdf92e51bd64bc758a73882d82fcfc03ebcb164441c85d"
dependencies = [
 "bstr",
 "gix-command",
 "gix-filter",
 "gix-fs",
 "gix-hash",
 "gix-object",
 "gix-path",
 "gix-tempfile",
 "gix-trace",
 "gix-worktree",
 "imara-diff",
 "thiserror",
]

[[package]]
name = "gix-discover"
version = "0.27.0"
source = "registry+https://github.com/rust-lang/crates.io-index"
checksum = "6fad89416ebe0b3b7df78464124e2a02417b6cd3743d48ad93df86f4d2929c07"
dependencies = [
 "bstr",
 "dunce",
 "gix-hash",
 "gix-path",
 "gix-ref",
 "gix-sec",
 "thiserror",
]

[[package]]
name = "gix-features"
version = "0.36.1"
source = "registry+https://github.com/rust-lang/crates.io-index"
checksum = "4d46a4a5c6bb5bebec9c0d18b65ada20e6517dbd7cf855b87dd4bbdce3a771b2"
dependencies = [
 "bytes",
 "bytesize",
 "crc32fast",
 "crossbeam-channel",
 "flate2",
 "gix-hash",
 "gix-trace",
 "jwalk",
 "libc",
 "once_cell",
 "parking_lot",
 "prodash",
 "sha1_smol",
 "thiserror",
 "walkdir",
]

[[package]]
name = "gix-filter"
version = "0.7.0"
source = "registry+https://github.com/rust-lang/crates.io-index"
checksum = "6d6a5c9d8e55c364e7c226919c19c9a28be1392d6208b5008059fa94ff7e2bf0"
dependencies = [
 "bstr",
 "encoding_rs",
 "gix-attributes",
 "gix-command",
 "gix-hash",
 "gix-object",
 "gix-packetline-blocking",
 "gix-path",
 "gix-quote",
 "gix-trace",
 "gix-utils",
 "smallvec",
 "thiserror",
]

[[package]]
name = "gix-fs"
version = "0.8.1"
source = "registry+https://github.com/rust-lang/crates.io-index"
checksum = "20e86eb040f5776a5ade092282e51cdcad398adb77d948b88d17583c2ae4e107"
dependencies = [
 "gix-features",
]

[[package]]
name = "gix-glob"
version = "0.14.1"
source = "registry+https://github.com/rust-lang/crates.io-index"
checksum = "5db19298c5eeea2961e5b3bf190767a2d1f09b8802aeb5f258e42276350aff19"
dependencies = [
 "bitflags 2.4.1",
 "bstr",
 "gix-features",
 "gix-path",
]

[[package]]
name = "gix-hash"
version = "0.13.2"
source = "registry+https://github.com/rust-lang/crates.io-index"
checksum = "99c1e554a87759e672c7d2e37211e761aa390c61ffcd3753a57c51173143f3cb"
dependencies = [
 "faster-hex",
 "thiserror",
]

[[package]]
name = "gix-hashtable"
version = "0.4.1"
source = "registry+https://github.com/rust-lang/crates.io-index"
checksum = "feb61880816d7ec4f0b20606b498147d480860ddd9133ba542628df2f548d3ca"
dependencies = [
 "gix-hash",
 "hashbrown 0.14.3",
 "parking_lot",
]

[[package]]
name = "gix-ignore"
version = "0.9.1"
source = "registry+https://github.com/rust-lang/crates.io-index"
checksum = "a215cc8cf21645bca131fcf6329d3ebd46299c47dbbe27df71bb1ca9e328b879"
dependencies = [
 "bstr",
 "gix-glob",
 "gix-path",
 "unicode-bom",
]

[[package]]
name = "gix-index"
version = "0.27.0"
source = "registry+https://github.com/rust-lang/crates.io-index"
checksum = "65ce8d03ec25de952be7d2a9adce2a4c2cb8f7fc2d4c25be91301be9707f380b"
dependencies = [
 "bitflags 2.4.1",
 "bstr",
 "btoi",
 "filetime",
 "gix-bitmap",
 "gix-features",
 "gix-fs",
 "gix-hash",
 "gix-lock",
 "gix-object",
 "gix-traverse",
 "itoa",
 "libc",
 "memmap2",
 "rustix",
 "smallvec",
 "thiserror",
]

[[package]]
name = "gix-lock"
version = "11.0.1"
source = "registry+https://github.com/rust-lang/crates.io-index"
checksum = "7e5c65e6a29830a435664891ced3f3c1af010f14900226019590ee0971a22f37"
dependencies = [
 "gix-tempfile",
 "gix-utils",
 "thiserror",
]

[[package]]
name = "gix-macros"
version = "0.1.1"
source = "registry+https://github.com/rust-lang/crates.io-index"
checksum = "02a5bcaf6704d9354a3071cede7e77d366a5980c7352e102e2c2f9b645b1d3ae"
dependencies = [
 "proc-macro2",
 "quote",
 "syn 2.0.39",
]

[[package]]
name = "gix-mailmap"
version = "0.20.1"
source = "registry+https://github.com/rust-lang/crates.io-index"
checksum = "e2325fec0d5e6b2dd758083a6f560bfeabc73ff7a12ffe378986baf890fe9f07"
dependencies = [
 "bstr",
 "gix-actor",
 "gix-date",
 "thiserror",
]

[[package]]
name = "gix-negotiate"
version = "0.10.0"
source = "registry+https://github.com/rust-lang/crates.io-index"
checksum = "979f6accd9c051b3dd018b50adf29c0a2459edddf6105cc70b767976cd6f8014"
dependencies = [
 "bitflags 2.4.1",
 "gix-commitgraph",
 "gix-date",
 "gix-hash",
 "gix-object",
 "gix-revwalk",
 "smallvec",
 "thiserror",
]

[[package]]
name = "gix-object"
version = "0.39.0"
source = "registry+https://github.com/rust-lang/crates.io-index"
checksum = "febf79c5825720c1c63fe974c7bbe695d0cb54aabad73f45671c60ce0e501e33"
dependencies = [
 "bstr",
 "btoi",
 "gix-actor",
 "gix-date",
 "gix-features",
 "gix-hash",
 "gix-validate",
 "itoa",
 "smallvec",
 "thiserror",
 "winnow",
]

[[package]]
name = "gix-odb"
version = "0.55.0"
source = "registry+https://github.com/rust-lang/crates.io-index"
checksum = "1fae5f971540c99c6ecc8d4368ecc9d18a9dc8b9391025c68c4399747dc93bac"
dependencies = [
 "arc-swap",
 "gix-date",
 "gix-features",
 "gix-hash",
 "gix-object",
 "gix-pack",
 "gix-path",
 "gix-quote",
 "parking_lot",
 "tempfile",
 "thiserror",
]

[[package]]
name = "gix-pack"
version = "0.45.0"
source = "registry+https://github.com/rust-lang/crates.io-index"
checksum = "4569491c92446fddf373456ff360aff9a9effd627b40a70f2d7914dcd75a3205"
dependencies = [
 "clru",
 "gix-chunk",
 "gix-features",
 "gix-hash",
 "gix-hashtable",
 "gix-object",
 "gix-path",
 "gix-tempfile",
 "memmap2",
 "parking_lot",
 "smallvec",
 "thiserror",
 "uluru",
]

[[package]]
name = "gix-packetline-blocking"
version = "0.17.0"
source = "registry+https://github.com/rust-lang/crates.io-index"
checksum = "50052c0f76c5af5acda41177fb55b60c1e484cc246ae919d8d21129cd1000a4e"
dependencies = [
 "bstr",
 "faster-hex",
 "gix-trace",
 "thiserror",
]

[[package]]
name = "gix-path"
version = "0.10.1"
source = "registry+https://github.com/rust-lang/crates.io-index"
checksum = "d86d6fac2fabe07b67b7835f46d07571f68b11aa1aaecae94fe722ea4ef305e1"
dependencies = [
 "bstr",
 "gix-trace",
 "home",
 "once_cell",
 "thiserror",
]

[[package]]
name = "gix-pathspec"
version = "0.4.1"
source = "registry+https://github.com/rust-lang/crates.io-index"
checksum = "1dbbb92f75a38ef043c8bb830b339b38d0698d7f3746968b5fcbade7a880494d"
dependencies = [
 "bitflags 2.4.1",
 "bstr",
 "gix-attributes",
 "gix-config-value",
 "gix-glob",
 "gix-path",
 "thiserror",
]

[[package]]
name = "gix-prompt"
version = "0.8.0"
source = "registry+https://github.com/rust-lang/crates.io-index"
checksum = "4967b921304a5355e65a6257280eddf6e0f9ce3df111256531460adca3771305"
dependencies = [
 "gix-command",
 "gix-config-value",
 "parking_lot",
 "rustix",
 "thiserror",
]

[[package]]
name = "gix-quote"
version = "0.4.8"
source = "registry+https://github.com/rust-lang/crates.io-index"
checksum = "4f84845efa535468bc79c5a87b9d29219f1da0313c8ecf0365a5daa7e72786f2"
dependencies = [
 "bstr",
 "btoi",
 "thiserror",
]

[[package]]
name = "gix-ref"
version = "0.39.0"
source = "registry+https://github.com/rust-lang/crates.io-index"
checksum = "1ac23ed741583c792f573c028785db683496a6dfcd672ec701ee54ba6a77e1ff"
dependencies = [
 "gix-actor",
 "gix-date",
 "gix-features",
 "gix-fs",
 "gix-hash",
 "gix-lock",
 "gix-object",
 "gix-path",
 "gix-tempfile",
 "gix-validate",
 "memmap2",
 "thiserror",
 "winnow",
]

[[package]]
name = "gix-refspec"
version = "0.20.0"
source = "registry+https://github.com/rust-lang/crates.io-index"
checksum = "76d9d3b82e1ee78fc0dc1c37ea5ea76c2dbc73f407db155f0dfcea285e583bee"
dependencies = [
 "bstr",
 "gix-hash",
 "gix-revision",
 "gix-validate",
 "smallvec",
 "thiserror",
]

[[package]]
name = "gix-revision"
version = "0.24.0"
source = "registry+https://github.com/rust-lang/crates.io-index"
checksum = "fe5dd51710ce5434bc315ea30394fab483c5377276494edd79222b321a5a9544"
dependencies = [
 "bstr",
 "gix-date",
 "gix-hash",
 "gix-hashtable",
 "gix-object",
 "gix-revwalk",
 "gix-trace",
 "thiserror",
]

[[package]]
name = "gix-revwalk"
version = "0.10.0"
source = "registry+https://github.com/rust-lang/crates.io-index"
checksum = "69d4ed2493ca94a475fdf147138e1ef8bab3b6ebb56abf3d9bda1c05372ec1dd"
dependencies = [
 "gix-commitgraph",
 "gix-date",
 "gix-hash",
 "gix-hashtable",
 "gix-object",
 "smallvec",
 "thiserror",
]

[[package]]
name = "gix-sec"
version = "0.10.1"
source = "registry+https://github.com/rust-lang/crates.io-index"
checksum = "a36ea2c5907d64a9b4b5d3cc9f430e6c30f0509646b5e38eb275ca57c5bf29e2"
dependencies = [
 "bitflags 2.4.1",
 "gix-path",
 "libc",
 "windows",
]

[[package]]
name = "gix-status"
version = "0.3.0"
source = "registry+https://github.com/rust-lang/crates.io-index"
checksum = "255a11459330a9a6ef59a5614b90c5661f04836c0f715cf68f8ca53726843d24"
dependencies = [
 "bstr",
 "filetime",
 "gix-features",
 "gix-filter",
 "gix-fs",
 "gix-hash",
 "gix-index",
 "gix-object",
 "gix-path",
 "gix-worktree",
 "thiserror",
]

[[package]]
name = "gix-submodule"
version = "0.6.0"
source = "registry+https://github.com/rust-lang/crates.io-index"
checksum = "02a3d7f60a95bdcaeb8981663c99d1c9f4de42aab1169524c949e948989809f9"
dependencies = [
 "bstr",
 "gix-config",
 "gix-path",
 "gix-pathspec",
 "gix-refspec",
 "gix-url",
 "thiserror",
]

[[package]]
name = "gix-tempfile"
version = "11.0.1"
source = "registry+https://github.com/rust-lang/crates.io-index"
checksum = "388dd29114a86ec69b28d1e26d6d63a662300ecf61ab3f4cc578f7d7dc9e7e23"
dependencies = [
 "dashmap",
 "gix-fs",
 "libc",
 "once_cell",
 "parking_lot",
 "signal-hook",
 "signal-hook-registry",
 "tempfile",
]

[[package]]
name = "gix-trace"
version = "0.1.4"
source = "registry+https://github.com/rust-lang/crates.io-index"
checksum = "b686a35799b53a9825575ca3f06481d0a053a409c4d97ffcf5ddd67a8760b497"

[[package]]
name = "gix-traverse"
version = "0.35.0"
source = "registry+https://github.com/rust-lang/crates.io-index"
checksum = "df2112088122a0206592c84fbd42020db63b2ccaed66a0293779f2e5fbf80474"
dependencies = [
 "gix-commitgraph",
 "gix-date",
 "gix-hash",
 "gix-hashtable",
 "gix-object",
 "gix-revwalk",
 "smallvec",
 "thiserror",
]

[[package]]
name = "gix-url"
version = "0.25.2"
source = "registry+https://github.com/rust-lang/crates.io-index"
checksum = "0c427a1a11ccfa53a4a2da47d9442c2241deee63a154bc15cc14b8312fbc4005"
dependencies = [
 "bstr",
 "gix-features",
 "gix-path",
 "home",
 "thiserror",
 "url",
]

[[package]]
name = "gix-utils"
version = "0.1.6"
source = "registry+https://github.com/rust-lang/crates.io-index"
checksum = "9f82c41937f00e15a1f6cb0b55307f0ca1f77f4407ff2bf440be35aa688c6a3e"
dependencies = [
 "fastrand",
]

[[package]]
name = "gix-validate"
version = "0.8.1"
source = "registry+https://github.com/rust-lang/crates.io-index"
checksum = "75b7d8e4274be69f284bbc7e6bb2ccf7065dbcdeba22d8c549f2451ae426883f"
dependencies = [
 "bstr",
 "thiserror",
]

[[package]]
name = "gix-worktree"
version = "0.28.0"
source = "registry+https://github.com/rust-lang/crates.io-index"
checksum = "7f1d0ae01dee14abe8c8117d78d7518f9a507de2dc4522546fbf4c444e9860b4"
dependencies = [
 "bstr",
 "gix-attributes",
 "gix-features",
 "gix-fs",
 "gix-glob",
 "gix-hash",
 "gix-ignore",
 "gix-index",
 "gix-object",
 "gix-path",
]

[[package]]
name = "gix-worktree-state"
version = "0.5.0"
source = "registry+https://github.com/rust-lang/crates.io-index"
checksum = "afef3c1cfe610ccfbca391515a1254662a648ce2635c9f60511eb1feb751fa01"
dependencies = [
 "bstr",
 "gix-features",
 "gix-filter",
 "gix-fs",
 "gix-glob",
 "gix-hash",
 "gix-index",
 "gix-object",
 "gix-path",
 "gix-worktree",
 "io-close",
 "thiserror",
]

[[package]]
name = "gix-worktree-stream"
version = "0.7.0"
source = "registry+https://github.com/rust-lang/crates.io-index"
checksum = "3c783c269ed30193a00becb20209aa89fb48dadbaf30c9f66082472da966106c"
dependencies = [
 "gix-attributes",
 "gix-features",
 "gix-filter",
 "gix-fs",
 "gix-hash",
 "gix-object",
 "gix-path",
 "gix-traverse",
 "parking_lot",
 "thiserror",
]

[[package]]
name = "hashbrown"
version = "0.12.3"
source = "registry+https://github.com/rust-lang/crates.io-index"
checksum = "8a9ee70c43aaf417c914396645a0fa852624801b24ebb7ae78fe8272889ac888"

[[package]]
name = "hashbrown"
version = "0.14.3"
source = "registry+https://github.com/rust-lang/crates.io-index"
checksum = "290f1a1d9242c78d09ce40a5e87e7554ee637af1351968159f4952f028f75604"

[[package]]
name = "hermit-abi"
version = "0.2.6"
source = "registry+https://github.com/rust-lang/crates.io-index"
checksum = "ee512640fe35acbfb4bb779db6f0d80704c2cacfa2e39b601ef3e3f47d1ae4c7"
dependencies = [
 "libc",
]

[[package]]
name = "home"
version = "0.5.5"
source = "registry+https://github.com/rust-lang/crates.io-index"
checksum = "5444c27eef6923071f7ebcc33e3444508466a76f7a2b93da00ed6e19f30c1ddb"
dependencies = [
 "windows-sys 0.48.0",
]

[[package]]
name = "human_format"
version = "1.0.3"
source = "registry+https://github.com/rust-lang/crates.io-index"
checksum = "86cce260d758a9aa3d7c4b99d55c815a540f8a37514ba6046ab6be402a157cb0"

[[package]]
name = "idna"
version = "0.3.0"
source = "registry+https://github.com/rust-lang/crates.io-index"
checksum = "e14ddfc70884202db2244c223200c204c2bda1bc6e0998d11b5e024d657209e6"
dependencies = [
 "unicode-bidi",
 "unicode-normalization",
]

[[package]]
name = "imara-diff"
version = "0.1.5"
source = "registry+https://github.com/rust-lang/crates.io-index"
checksum = "e98c1d0ad70fc91b8b9654b1f33db55e59579d3b3de2bffdced0fdb810570cb8"
dependencies = [
 "ahash",
 "hashbrown 0.12.3",
]

[[package]]
name = "io-close"
version = "0.3.7"
source = "registry+https://github.com/rust-lang/crates.io-index"
checksum = "9cadcf447f06744f8ce713d2d6239bb5bde2c357a452397a9ed90c625da390bc"
dependencies = [
 "libc",
 "winapi",
]

[[package]]
name = "itoa"
version = "1.0.9"
source = "registry+https://github.com/rust-lang/crates.io-index"
checksum = "af150ab688ff2122fcef229be89cb50dd66af9e01a4ff320cc137eecc9bacc38"

[[package]]
name = "jwalk"
version = "0.8.1"
source = "registry+https://github.com/rust-lang/crates.io-index"
checksum = "2735847566356cd2179a2a38264839308f7079fa96e6bd5a42d740460e003c56"
dependencies = [
 "crossbeam",
 "rayon",
]

[[package]]
name = "kstring"
version = "2.0.0"
source = "registry+https://github.com/rust-lang/crates.io-index"
checksum = "ec3066350882a1cd6d950d055997f379ac37fd39f81cd4d8ed186032eb3c5747"
dependencies = [
 "static_assertions",
]

[[package]]
name = "libc"
version = "0.2.150"
source = "registry+https://github.com/rust-lang/crates.io-index"
checksum = "89d92a4743f9a61002fae18374ed11e7973f530cb3a3255fb354818118b2203c"

[[package]]
name = "lilgitd"
version = "0.3.1"
dependencies = [
 "gix",
 "tokio",
]

[[package]]
name = "linux-raw-sys"
version = "0.4.12"
source = "registry+https://github.com/rust-lang/crates.io-index"
checksum = "c4cd1a83af159aa67994778be9070f0ae1bd732942279cabb14f86f986a21456"

[[package]]
name = "lock_api"
version = "0.4.11"
source = "registry+https://github.com/rust-lang/crates.io-index"
checksum = "3c168f8615b12bc01f9c17e2eb0cc07dcae1940121185446edc3744920e8ef45"
dependencies = [
 "autocfg",
 "scopeguard",
]

[[package]]
name = "log"
version = "0.4.17"
source = "registry+https://github.com/rust-lang/crates.io-index"
checksum = "abb12e687cfb44aa40f41fc3978ef76448f9b6038cad6aef4259d3c095a2382e"
dependencies = [
 "cfg-if",
]

[[package]]
name = "memchr"
version = "2.6.4"
source = "registry+https://github.com/rust-lang/crates.io-index"
checksum = "f665ee40bc4a3c5590afb1e9677db74a508659dfd71e126420da8274909a0167"

[[package]]
name = "memmap2"
version = "0.9.0"
source = "registry+https://github.com/rust-lang/crates.io-index"
checksum = "deaba38d7abf1d4cca21cc89e932e542ba2b9258664d2a9ef0e61512039c9375"
dependencies = [
 "libc",
]

[[package]]
name = "memoffset"
version = "0.9.0"
source = "registry+https://github.com/rust-lang/crates.io-index"
checksum = "5a634b1c61a95585bd15607c6ab0c4e5b226e695ff2800ba0cdccddf208c406c"
dependencies = [
 "autocfg",
]

[[package]]
name = "miniz_oxide"
version = "0.7.1"
source = "registry+https://github.com/rust-lang/crates.io-index"
checksum = "e7810e0be55b428ada41041c41f32c9f1a42817901b4ccf45fa3d4b6561e74c7"
dependencies = [
 "adler",
]

[[package]]
name = "mio"
version = "0.8.5"
source = "registry+https://github.com/rust-lang/crates.io-index"
checksum = "e5d732bc30207a6423068df043e3d02e0735b155ad7ce1a6f76fe2baa5b158de"
dependencies = [
 "libc",
 "log",
 "wasi",
 "windows-sys 0.42.0",
]

[[package]]
name = "num-traits"
version = "0.2.17"
source = "registry+https://github.com/rust-lang/crates.io-index"
checksum = "39e3200413f237f41ab11ad6d161bc7239c84dcb631773ccd7de3dfe4b5c267c"
dependencies = [
 "autocfg",
]

[[package]]
name = "num_cpus"
version = "1.15.0"
source = "registry+https://github.com/rust-lang/crates.io-index"
checksum = "0fac9e2da13b5eb447a6ce3d392f23a29d8694bff781bf03a16cd9ac8697593b"
dependencies = [
 "hermit-abi",
 "libc",
]

[[package]]
name = "num_threads"
version = "0.1.6"
source = "registry+https://github.com/rust-lang/crates.io-index"
checksum = "2819ce041d2ee131036f4fc9d6ae7ae125a3a40e97ba64d04fe799ad9dabbb44"
dependencies = [
 "libc",
]

[[package]]
name = "once_cell"
version = "1.19.0"
source = "registry+https://github.com/rust-lang/crates.io-index"
checksum = "3fdb12b2476b595f9358c5161aa467c2438859caa136dec86c26fdd2efe17b92"

[[package]]
name = "parking_lot"
version = "0.12.1"
source = "registry+https://github.com/rust-lang/crates.io-index"
checksum = "3742b2c103b9f06bc9fff0a37ff4912935851bee6d36f3c02bcc755bcfec228f"
dependencies = [
 "lock_api",
 "parking_lot_core",
]

[[package]]
name = "parking_lot_core"
version = "0.9.9"
source = "registry+https://github.com/rust-lang/crates.io-index"
checksum = "4c42a9226546d68acdd9c0a280d17ce19bfe27a46bf68784e4066115788d008e"
dependencies = [
 "cfg-if",
 "libc",
 "redox_syscall",
 "smallvec",
 "windows-targets 0.48.5",
]

[[package]]
name = "percent-encoding"
version = "2.2.0"
source = "registry+https://github.com/rust-lang/crates.io-index"
checksum = "478c572c3d73181ff3c2539045f6eb99e5491218eae919370993b890cdbdd98e"

[[package]]
name = "pin-project-lite"
version = "0.2.9"
source = "registry+https://github.com/rust-lang/crates.io-index"
checksum = "e0a7ae3ac2f1173085d398531c705756c94a4c56843785df85a60c1a0afac116"

[[package]]
name = "powerfmt"
version = "0.2.0"
source = "registry+https://github.com/rust-lang/crates.io-index"
checksum = "439ee305def115ba05938db6eb1644ff94165c5ab5e9420d1c1bcedbba909391"

[[package]]
name = "proc-macro2"
version = "1.0.70"
source = "registry+https://github.com/rust-lang/crates.io-index"
checksum = "39278fbbf5fb4f646ce651690877f89d1c5811a3d4acb27700c1cb3cdb78fd3b"
dependencies = [
 "unicode-ident",
]

[[package]]
name = "prodash"
version = "26.2.2"
source = "registry+https://github.com/rust-lang/crates.io-index"
checksum = "794b5bf8e2d19b53dcdcec3e4bba628e20f5b6062503ba89281fa7037dd7bbcf"
dependencies = [
 "bytesize",
 "human_format",
]

[[package]]
name = "quote"
version = "1.0.33"
source = "registry+https://github.com/rust-lang/crates.io-index"
checksum = "5267fca4496028628a95160fc423a33e8b2e6af8a5302579e322e4b520293cae"
dependencies = [
 "proc-macro2",
]

[[package]]
name = "rayon"
version = "1.8.0"
source = "registry+https://github.com/rust-lang/crates.io-index"
checksum = "9c27db03db7734835b3f53954b534c91069375ce6ccaa2e065441e07d9b6cdb1"
dependencies = [
 "either",
 "rayon-core",
]

[[package]]
name = "rayon-core"
version = "1.12.0"
source = "registry+https://github.com/rust-lang/crates.io-index"
checksum = "5ce3fb6ad83f861aac485e76e1985cd109d9a3713802152be56c3b1f0e0658ed"
dependencies = [
 "crossbeam-deque",
 "crossbeam-utils",
]

[[package]]
name = "redox_syscall"
version = "0.4.1"
source = "registry+https://github.com/rust-lang/crates.io-index"
checksum = "4722d768eff46b75989dd134e5c353f0d6296e5aaa3132e776cbdb56be7731aa"
dependencies = [
 "bitflags 1.3.2",
]

[[package]]
name = "regex"
version = "1.10.2"
source = "registry+https://github.com/rust-lang/crates.io-index"
checksum = "380b951a9c5e80ddfd6136919eef32310721aa4aacd4889a8d39124b026ab343"
dependencies = [
 "aho-corasick",
 "memchr",
 "regex-automata",
 "regex-syntax",
]

[[package]]
name = "regex-automata"
version = "0.4.3"
source = "registry+https://github.com/rust-lang/crates.io-index"
checksum = "5f804c7828047e88b2d32e2d7fe5a105da8ee3264f01902f796c8e067dc2483f"
dependencies = [
 "aho-corasick",
 "memchr",
 "regex-syntax",
]

[[package]]
name = "regex-syntax"
version = "0.8.2"
source = "registry+https://github.com/rust-lang/crates.io-index"
checksum = "c08c74e62047bb2de4ff487b251e4a92e24f48745648451635cec7d591162d9f"

[[package]]
name = "rustix"
version = "0.38.27"
source = "registry+https://github.com/rust-lang/crates.io-index"
checksum = "bfeae074e687625746172d639330f1de242a178bf3189b51e35a7a21573513ac"
dependencies = [
 "bitflags 2.4.1",
 "errno",
 "libc",
 "linux-raw-sys",
 "windows-sys 0.52.0",
]

[[package]]
name = "same-file"
version = "1.0.6"
source = "registry+https://github.com/rust-lang/crates.io-index"
checksum = "93fc1dc3aaa9bfed95e02e6eadabb4baf7e3078b0bd1b4d7b6b0b68378900502"
dependencies = [
 "winapi-util",
]

[[package]]
name = "scopeguard"
version = "1.2.0"
source = "registry+https://github.com/rust-lang/crates.io-index"
checksum = "94143f37725109f92c262ed2cf5e59bce7498c01bcc1502d7b9afe439a4e9f49"

[[package]]
name = "serde"
version = "1.0.193"
source = "registry+https://github.com/rust-lang/crates.io-index"
checksum = "25dd9975e68d0cb5aa1120c288333fc98731bd1dd12f561e468ea4728c042b89"
dependencies = [
 "serde_derive",
]

[[package]]
name = "serde_derive"
version = "1.0.193"
source = "registry+https://github.com/rust-lang/crates.io-index"
checksum = "43576ca501357b9b071ac53cdc7da8ef0cbd9493d8df094cd821777ea6e894d3"
dependencies = [
 "proc-macro2",
 "quote",
 "syn 2.0.39",
]

[[package]]
name = "sha1_smol"
version = "1.0.0"
source = "registry+https://github.com/rust-lang/crates.io-index"
checksum = "ae1a47186c03a32177042e55dbc5fd5aee900b8e0069a8d70fba96a9375cd012"

[[package]]
name = "shell-words"
version = "1.1.0"
source = "registry+https://github.com/rust-lang/crates.io-index"
checksum = "24188a676b6ae68c3b2cb3a01be17fbf7240ce009799bb56d5b1409051e78fde"

[[package]]
name = "signal-hook"
version = "0.3.17"
source = "registry+https://github.com/rust-lang/crates.io-index"
checksum = "8621587d4798caf8eb44879d42e56b9a93ea5dcd315a6487c357130095b62801"
dependencies = [
 "libc",
 "signal-hook-registry",
]

[[package]]
name = "signal-hook-registry"
version = "1.4.0"
source = "registry+https://github.com/rust-lang/crates.io-index"
checksum = "e51e73328dc4ac0c7ccbda3a494dfa03df1de2f46018127f60c693f2648455b0"
dependencies = [
 "libc",
]

[[package]]
name = "smallvec"
version = "1.11.2"
source = "registry+https://github.com/rust-lang/crates.io-index"
checksum = "4dccd0940a2dcdf68d092b8cbab7dc0ad8fa938bf95787e1b916b0e3d0e8e970"

[[package]]
name = "static_assertions"
version = "1.1.0"
source = "registry+https://github.com/rust-lang/crates.io-index"
checksum = "a2eb9349b6444b326872e140eb1cf5e7c522154d69e7a0ffb0fb81c06b37543f"

[[package]]
name = "syn"
version = "1.0.107"
source = "registry+https://github.com/rust-lang/crates.io-index"
checksum = "1f4064b5b16e03ae50984a5a8ed5d4f8803e6bc1fd170a3cda91a1be4b18e3f5"
dependencies = [
 "proc-macro2",
 "quote",
 "unicode-ident",
]

[[package]]
name = "syn"
version = "2.0.39"
source = "registry+https://github.com/rust-lang/crates.io-index"
checksum = "23e78b90f2fcf45d3e842032ce32e3f2d1545ba6636271dcbf24fa306d87be7a"
dependencies = [
 "proc-macro2",
 "quote",
 "unicode-ident",
]

[[package]]
name = "tempfile"
version = "3.8.1"
source = "registry+https://github.com/rust-lang/crates.io-index"
checksum = "7ef1adac450ad7f4b3c28589471ade84f25f731a7a0fe30d71dfa9f60fd808e5"
dependencies = [
 "cfg-if",
 "fastrand",
 "redox_syscall",
 "rustix",
 "windows-sys 0.48.0",
]

[[package]]
name = "thiserror"
version = "1.0.50"
source = "registry+https://github.com/rust-lang/crates.io-index"
checksum = "f9a7210f5c9a7156bb50aa36aed4c95afb51df0df00713949448cf9e97d382d2"
dependencies = [
 "thiserror-impl",
]

[[package]]
name = "thiserror-impl"
version = "1.0.50"
source = "registry+https://github.com/rust-lang/crates.io-index"
checksum = "266b2e40bc00e5a6c09c3584011e08b06f123c00362c92b975ba9843aaaa14b8"
dependencies = [
 "proc-macro2",
 "quote",
 "syn 2.0.39",
]

[[package]]
name = "time"
version = "0.3.30"
source = "registry+https://github.com/rust-lang/crates.io-index"
checksum = "c4a34ab300f2dee6e562c10a046fc05e358b29f9bf92277f30c3c8d82275f6f5"
dependencies = [
 "deranged",
 "itoa",
 "libc",
 "num_threads",
 "powerfmt",
 "serde",
 "time-core",
 "time-macros",
]

[[package]]
name = "time-core"
version = "0.1.2"
source = "registry+https://github.com/rust-lang/crates.io-index"
checksum = "ef927ca75afb808a4d64dd374f00a2adf8d0fcff8e7b184af886c3c87ec4a3f3"

[[package]]
name = "time-macros"
version = "0.2.15"
source = "registry+https://github.com/rust-lang/crates.io-index"
checksum = "4ad70d68dba9e1f8aceda7aa6711965dfec1cac869f311a51bd08b3a2ccbce20"
dependencies = [
 "time-core",
]

[[package]]
name = "tinyvec"
version = "1.6.0"
source = "registry+https://github.com/rust-lang/crates.io-index"
checksum = "87cc5ceb3875bb20c2890005a4e226a4651264a5c75edb2421b52861a0a0cb50"
dependencies = [
 "tinyvec_macros",
]

[[package]]
name = "tinyvec_macros"
version = "0.1.0"
source = "registry+https://github.com/rust-lang/crates.io-index"
checksum = "cda74da7e1a664f795bb1f8a87ec406fb89a02522cf6e50620d016add6dbbf5c"

[[package]]
name = "tokio"
version = "1.24.1"
source = "registry+https://github.com/rust-lang/crates.io-index"
checksum = "1d9f76183f91ecfb55e1d7d5602bd1d979e38a3a522fe900241cf195624d67ae"
dependencies = [
 "autocfg",
 "libc",
 "mio",
 "num_cpus",
 "pin-project-lite",
 "signal-hook-registry",
 "tokio-macros",
 "windows-sys 0.42.0",
]

[[package]]
name = "tokio-macros"
version = "1.8.2"
source = "registry+https://github.com/rust-lang/crates.io-index"
checksum = "d266c00fde287f55d3f1c3e96c500c362a2b8c695076ec180f27918820bc6df8"
dependencies = [
 "proc-macro2",
 "quote",
 "syn 1.0.107",
]

[[package]]
name = "uluru"
version = "3.0.0"
source = "registry+https://github.com/rust-lang/crates.io-index"
checksum = "794a32261a1f5eb6a4462c81b59cec87b5c27d5deea7dd1ac8fc781c41d226db"
dependencies = [
 "arrayvec",
]

[[package]]
name = "unicode-bidi"
version = "0.3.8"
source = "registry+https://github.com/rust-lang/crates.io-index"
checksum = "099b7128301d285f79ddd55b9a83d5e6b9e97c92e0ea0daebee7263e932de992"

[[package]]
name = "unicode-bom"
version = "2.0.3"
source = "registry+https://github.com/rust-lang/crates.io-index"
checksum = "7eec5d1121208364f6793f7d2e222bf75a915c19557537745b195b253dd64217"

[[package]]
name = "unicode-ident"
version = "1.0.6"
source = "registry+https://github.com/rust-lang/crates.io-index"
checksum = "84a22b9f218b40614adcb3f4ff08b703773ad44fa9423e4e0d346d5db86e4ebc"

[[package]]
name = "unicode-normalization"
version = "0.1.22"
source = "registry+https://github.com/rust-lang/crates.io-index"
checksum = "5c5713f0fc4b5db668a2ac63cdb7bb4469d8c9fed047b1d0292cc7b0ce2ba921"
dependencies = [
 "tinyvec",
]

[[package]]
name = "url"
version = "2.3.1"
source = "registry+https://github.com/rust-lang/crates.io-index"
checksum = "0d68c799ae75762b8c3fe375feb6600ef5602c883c5d21eb51c09f22b83c4643"
dependencies = [
 "form_urlencoded",
 "idna",
 "percent-encoding",
]

[[package]]
name = "version_check"
version = "0.9.4"
source = "registry+https://github.com/rust-lang/crates.io-index"
checksum = "49874b5167b65d7193b8aba1567f5c7d93d001cafc34600cee003eda787e483f"

[[package]]
name = "walkdir"
version = "2.4.0"
source = "registry+https://github.com/rust-lang/crates.io-index"
checksum = "d71d857dc86794ca4c280d616f7da00d2dbfd8cd788846559a6813e6aa4b54ee"
dependencies = [
 "same-file",
 "winapi-util",
]

[[package]]
name = "wasi"
version = "0.11.0+wasi-snapshot-preview1"
source = "registry+https://github.com/rust-lang/crates.io-index"
checksum = "9c8d87e72b64a3b4db28d11ce29237c246188f4f51057d65a7eab63b7987e423"

[[package]]
name = "winapi"
version = "0.3.9"
source = "registry+https://github.com/rust-lang/crates.io-index"
checksum = "5c839a674fcd7a98952e593242ea400abe93992746761e38641405d28b00f419"
dependencies = [
 "winapi-i686-pc-windows-gnu",
 "winapi-x86_64-pc-windows-gnu",
]

[[package]]
name = "winapi-i686-pc-windows-gnu"
version = "0.4.0"
source = "registry+https://github.com/rust-lang/crates.io-index"
checksum = "ac3b87c63620426dd9b991e5ce0329eff545bccbbb34f3be09ff6fb6ab51b7b6"

[[package]]
name = "winapi-util"
version = "0.1.6"
source = "registry+https://github.com/rust-lang/crates.io-index"
checksum = "f29e6f9198ba0d26b4c9f07dbe6f9ed633e1f3d5b8b414090084349e46a52596"
dependencies = [
 "winapi",
]

[[package]]
name = "winapi-x86_64-pc-windows-gnu"
version = "0.4.0"
source = "registry+https://github.com/rust-lang/crates.io-index"
checksum = "712e227841d057c1ee1cd2fb22fa7e5a5461ae8e48fa2ca79ec42cfc1931183f"

[[package]]
name = "windows"
version = "0.48.0"
source = "registry+https://github.com/rust-lang/crates.io-index"
checksum = "e686886bc078bc1b0b600cac0147aadb815089b6e4da64016cbd754b6342700f"
dependencies = [
 "windows-targets 0.48.5",
]

[[package]]
name = "windows-sys"
version = "0.42.0"
source = "registry+https://github.com/rust-lang/crates.io-index"
checksum = "5a3e1820f08b8513f676f7ab6c1f99ff312fb97b553d30ff4dd86f9f15728aa7"
dependencies = [
 "windows_aarch64_gnullvm 0.42.1",
 "windows_aarch64_msvc 0.42.1",
 "windows_i686_gnu 0.42.1",
 "windows_i686_msvc 0.42.1",
 "windows_x86_64_gnu 0.42.1",
 "windows_x86_64_gnullvm 0.42.1",
 "windows_x86_64_msvc 0.42.1",
]

[[package]]
name = "windows-sys"
version = "0.48.0"
source = "registry+https://github.com/rust-lang/crates.io-index"
checksum = "677d2418bec65e3338edb076e806bc1ec15693c5d0104683f2efe857f61056a9"
dependencies = [
 "windows-targets 0.48.5",
]

[[package]]
name = "windows-sys"
version = "0.52.0"
source = "registry+https://github.com/rust-lang/crates.io-index"
checksum = "282be5f36a8ce781fad8c8ae18fa3f9beff57ec1b52cb3de0789201425d9a33d"
dependencies = [
 "windows-targets 0.52.0",
]

[[package]]
name = "windows-targets"
version = "0.48.5"
source = "registry+https://github.com/rust-lang/crates.io-index"
checksum = "9a2fa6e2155d7247be68c096456083145c183cbbbc2764150dda45a87197940c"
dependencies = [
 "windows_aarch64_gnullvm 0.48.5",
 "windows_aarch64_msvc 0.48.5",
 "windows_i686_gnu 0.48.5",
 "windows_i686_msvc 0.48.5",
 "windows_x86_64_gnu 0.48.5",
 "windows_x86_64_gnullvm 0.48.5",
 "windows_x86_64_msvc 0.48.5",
]

[[package]]
name = "windows-targets"
version = "0.52.0"
source = "registry+https://github.com/rust-lang/crates.io-index"
checksum = "8a18201040b24831fbb9e4eb208f8892e1f50a37feb53cc7ff887feb8f50e7cd"
dependencies = [
 "windows_aarch64_gnullvm 0.52.0",
 "windows_aarch64_msvc 0.52.0",
 "windows_i686_gnu 0.52.0",
 "windows_i686_msvc 0.52.0",
 "windows_x86_64_gnu 0.52.0",
 "windows_x86_64_gnullvm 0.52.0",
 "windows_x86_64_msvc 0.52.0",
]

[[package]]
name = "windows_aarch64_gnullvm"
version = "0.42.1"
source = "registry+https://github.com/rust-lang/crates.io-index"
checksum = "8c9864e83243fdec7fc9c5444389dcbbfd258f745e7853198f365e3c4968a608"

[[package]]
name = "windows_aarch64_gnullvm"
version = "0.48.5"
source = "registry+https://github.com/rust-lang/crates.io-index"
checksum = "2b38e32f0abccf9987a4e3079dfb67dcd799fb61361e53e2882c3cbaf0d905d8"

[[package]]
name = "windows_aarch64_gnullvm"
version = "0.52.0"
source = "registry+https://github.com/rust-lang/crates.io-index"
checksum = "cb7764e35d4db8a7921e09562a0304bf2f93e0a51bfccee0bd0bb0b666b015ea"

[[package]]
name = "windows_aarch64_msvc"
version = "0.42.1"
source = "registry+https://github.com/rust-lang/crates.io-index"
checksum = "4c8b1b673ffc16c47a9ff48570a9d85e25d265735c503681332589af6253c6c7"

[[package]]
name = "windows_aarch64_msvc"
version = "0.48.5"
source = "registry+https://github.com/rust-lang/crates.io-index"
checksum = "dc35310971f3b2dbbf3f0690a219f40e2d9afcf64f9ab7cc1be722937c26b4bc"

[[package]]
name = "windows_aarch64_msvc"
version = "0.52.0"
source = "registry+https://github.com/rust-lang/crates.io-index"
checksum = "bbaa0368d4f1d2aaefc55b6fcfee13f41544ddf36801e793edbbfd7d7df075ef"

[[package]]
name = "windows_i686_gnu"
version = "0.42.1"
source = "registry+https://github.com/rust-lang/crates.io-index"
checksum = "de3887528ad530ba7bdbb1faa8275ec7a1155a45ffa57c37993960277145d640"

[[package]]
name = "windows_i686_gnu"
version = "0.48.5"
source = "registry+https://github.com/rust-lang/crates.io-index"
checksum = "a75915e7def60c94dcef72200b9a8e58e5091744960da64ec734a6c6e9b3743e"

[[package]]
name = "windows_i686_gnu"
version = "0.52.0"
source = "registry+https://github.com/rust-lang/crates.io-index"
checksum = "a28637cb1fa3560a16915793afb20081aba2c92ee8af57b4d5f28e4b3e7df313"

[[package]]
name = "windows_i686_msvc"
version = "0.42.1"
source = "registry+https://github.com/rust-lang/crates.io-index"
checksum = "bf4d1122317eddd6ff351aa852118a2418ad4214e6613a50e0191f7004372605"

[[package]]
name = "windows_i686_msvc"
version = "0.48.5"
source = "registry+https://github.com/rust-lang/crates.io-index"
checksum = "8f55c233f70c4b27f66c523580f78f1004e8b5a8b659e05a4eb49d4166cca406"

[[package]]
name = "windows_i686_msvc"
version = "0.52.0"
source = "registry+https://github.com/rust-lang/crates.io-index"
checksum = "ffe5e8e31046ce6230cc7215707b816e339ff4d4d67c65dffa206fd0f7aa7b9a"

[[package]]
name = "windows_x86_64_gnu"
version = "0.42.1"
source = "registry+https://github.com/rust-lang/crates.io-index"
checksum = "c1040f221285e17ebccbc2591ffdc2d44ee1f9186324dd3e84e99ac68d699c45"

[[package]]
name = "windows_x86_64_gnu"
version = "0.48.5"
source = "registry+https://github.com/rust-lang/crates.io-index"
checksum = "53d40abd2583d23e4718fddf1ebec84dbff8381c07cae67ff7768bbf19c6718e"

[[package]]
name = "windows_x86_64_gnu"
version = "0.52.0"
source = "registry+https://github.com/rust-lang/crates.io-index"
checksum = "3d6fa32db2bc4a2f5abeacf2b69f7992cd09dca97498da74a151a3132c26befd"

[[package]]
name = "windows_x86_64_gnullvm"
version = "0.42.1"
source = "registry+https://github.com/rust-lang/crates.io-index"
checksum = "628bfdf232daa22b0d64fdb62b09fcc36bb01f05a3939e20ab73aaf9470d0463"

[[package]]
name = "windows_x86_64_gnullvm"
version = "0.48.5"
source = "registry+https://github.com/rust-lang/crates.io-index"
checksum = "0b7b52767868a23d5bab768e390dc5f5c55825b6d30b86c844ff2dc7414044cc"

[[package]]
name = "windows_x86_64_gnullvm"
version = "0.52.0"
source = "registry+https://github.com/rust-lang/crates.io-index"
checksum = "1a657e1e9d3f514745a572a6846d3c7aa7dbe1658c056ed9c3344c4109a6949e"

[[package]]
name = "windows_x86_64_msvc"
version = "0.42.1"
source = "registry+https://github.com/rust-lang/crates.io-index"
checksum = "447660ad36a13288b1db4d4248e857b510e8c3a225c822ba4fb748c0aafecffd"

[[package]]
name = "windows_x86_64_msvc"
version = "0.48.5"
source = "registry+https://github.com/rust-lang/crates.io-index"
checksum = "ed94fce61571a4006852b7389a063ab983c02eb1bb37b47f8272ce92d06d9538"

[[package]]
name = "windows_x86_64_msvc"
version = "0.52.0"
source = "registry+https://github.com/rust-lang/crates.io-index"
checksum = "dff9641d1cd4be8d1a070daf9e3773c5f67e78b4d9d42263020c057706765c04"

[[package]]
name = "winnow"
version = "0.5.26"
source = "registry+https://github.com/rust-lang/crates.io-index"
checksum = "b67b5f0a4e7a27a64c651977932b9dc5667ca7fc31ac44b03ed37a0cf42fdfff"
dependencies = [
 "memchr",
]

[[package]]
name = "zerocopy"
version = "0.7.29"
source = "registry+https://github.com/rust-lang/crates.io-index"
checksum = "5d075cf85bbb114e933343e087b92f2146bac0d55b534cbb8188becf0039948e"
dependencies = [
 "zerocopy-derive",
]

[[package]]
name = "zerocopy-derive"
version = "0.7.29"
source = "registry+https://github.com/rust-lang/crates.io-index"
checksum = "86cd5ca076997b97ef09d3ad65efe811fa68c9e874cb636ccb211223a813b0c2"
dependencies = [
 "proc-macro2",
 "quote",
 "syn 2.0.39",
]
